// !$*UTF8*$!
{
	archiveVersion = 1;
	classes = {
	};
	objectVersion = 46;
	objects = {

/* Begin PBXBuildFile section */
		961E7675176D713100063BB3 /* UIKit.framework in Frameworks */ = {isa = PBXBuildFile; fileRef = 961E7674176D713100063BB3 /* UIKit.framework */; };
		961E7677176D713100063BB3 /* Foundation.framework in Frameworks */ = {isa = PBXBuildFile; fileRef = 961E7676176D713100063BB3 /* Foundation.framework */; };
		961E7679176D713100063BB3 /* CoreGraphics.framework in Frameworks */ = {isa = PBXBuildFile; fileRef = 961E7678176D713100063BB3 /* CoreGraphics.framework */; };
		961E767F176D713100063BB3 /* InfoPlist.strings in Resources */ = {isa = PBXBuildFile; fileRef = 961E767D176D713100063BB3 /* InfoPlist.strings */; };
		961E7681176D713100063BB3 /* main.m in Sources */ = {isa = PBXBuildFile; fileRef = 961E7680176D713100063BB3 /* main.m */; };
		961E7685176D713100063BB3 /* CardGameAppDelegate.m in Sources */ = {isa = PBXBuildFile; fileRef = 961E7684176D713100063BB3 /* CardGameAppDelegate.m */; };
		961E7687176D713100063BB3 /* Default.png in Resources */ = {isa = PBXBuildFile; fileRef = 961E7686176D713100063BB3 /* Default.png */; };
		961E7689176D713100063BB3 /* Default@2x.png in Resources */ = {isa = PBXBuildFile; fileRef = 961E7688176D713100063BB3 /* Default@2x.png */; };
		961E768B176D713100063BB3 /* Default-568h@2x.png in Resources */ = {isa = PBXBuildFile; fileRef = 961E768A176D713100063BB3 /* Default-568h@2x.png */; };
		961E768E176D713100063BB3 /* MainStoryboard.storyboard in Resources */ = {isa = PBXBuildFile; fileRef = 961E768C176D713100063BB3 /* MainStoryboard.storyboard */; };
		961E7691176D713100063BB3 /* CardGameViewController.m in Sources */ = {isa = PBXBuildFile; fileRef = 961E7690176D713100063BB3 /* CardGameViewController.m */; };
		966B1A01176E43C0009D0AD5 /* Card.m in Sources */ = {isa = PBXBuildFile; fileRef = 966B1A00176E43C0009D0AD5 /* Card.m */; };
		966B1A04176E43D7009D0AD5 /* Deck.m in Sources */ = {isa = PBXBuildFile; fileRef = 966B1A03176E43D7009D0AD5 /* Deck.m */; };
		966B1A07176E43ED009D0AD5 /* PlayingCard.m in Sources */ = {isa = PBXBuildFile; fileRef = 966B1A06176E43ED009D0AD5 /* PlayingCard.m */; };
		966B1A0A176E4408009D0AD5 /* PlayingCardDeck.m in Sources */ = {isa = PBXBuildFile; fileRef = 966B1A09176E4408009D0AD5 /* PlayingCardDeck.m */; };
/* End PBXBuildFile section */

/* Begin PBXFileReference section */
		961E7671176D713100063BB3 /* Matchismo.app */ = {isa = PBXFileReference; explicitFileType = wrapper.application; includeInIndex = 0; path = Matchismo.app; sourceTree = BUILT_PRODUCTS_DIR; };
		961E7674176D713100063BB3 /* UIKit.framework */ = {isa = PBXFileReference; lastKnownFileType = wrapper.framework; name = UIKit.framework; path = System/Library/Frameworks/UIKit.framework; sourceTree = SDKROOT; };
		961E7676176D713100063BB3 /* Foundation.framework */ = {isa = PBXFileReference; lastKnownFileType = wrapper.framework; name = Foundation.framework; path = System/Library/Frameworks/Foundation.framework; sourceTree = SDKROOT; };
		961E7678176D713100063BB3 /* CoreGraphics.framework */ = {isa = PBXFileReference; lastKnownFileType = wrapper.framework; name = CoreGraphics.framework; path = System/Library/Frameworks/CoreGraphics.framework; sourceTree = SDKROOT; };
		961E767C176D713100063BB3 /* Matchismo-Info.plist */ = {isa = PBXFileReference; lastKnownFileType = text.plist.xml; path = "Matchismo-Info.plist"; sourceTree = "<group>"; };
		961E767E176D713100063BB3 /* en */ = {isa = PBXFileReference; lastKnownFileType = text.plist.strings; name = en; path = en.lproj/InfoPlist.strings; sourceTree = "<group>"; };
		961E7680176D713100063BB3 /* main.m */ = {isa = PBXFileReference; lastKnownFileType = sourcecode.c.objc; path = main.m; sourceTree = "<group>"; };
		961E7682176D713100063BB3 /* Matchismo-Prefix.pch */ = {isa = PBXFileReference; lastKnownFileType = sourcecode.c.h; path = "Matchismo-Prefix.pch"; sourceTree = "<group>"; };
		961E7683176D713100063BB3 /* CardGameAppDelegate.h */ = {isa = PBXFileReference; lastKnownFileType = sourcecode.c.h; path = CardGameAppDelegate.h; sourceTree = "<group>"; };
		961E7684176D713100063BB3 /* CardGameAppDelegate.m */ = {isa = PBXFileReference; lastKnownFileType = sourcecode.c.objc; path = CardGameAppDelegate.m; sourceTree = "<group>"; };
		961E7686176D713100063BB3 /* Default.png */ = {isa = PBXFileReference; lastKnownFileType = image.png; path = Default.png; sourceTree = "<group>"; };
		961E7688176D713100063BB3 /* Default@2x.png */ = {isa = PBXFileReference; lastKnownFileType = image.png; path = "Default@2x.png"; sourceTree = "<group>"; };
		961E768A176D713100063BB3 /* Default-568h@2x.png */ = {isa = PBXFileReference; lastKnownFileType = image.png; path = "Default-568h@2x.png"; sourceTree = "<group>"; };
		961E768D176D713100063BB3 /* en */ = {isa = PBXFileReference; lastKnownFileType = file.storyboard; name = en; path = en.lproj/MainStoryboard.storyboard; sourceTree = "<group>"; };
		961E768F176D713100063BB3 /* CardGameViewController.h */ = {isa = PBXFileReference; lastKnownFileType = sourcecode.c.h; path = CardGameViewController.h; sourceTree = "<group>"; };
		961E7690176D713100063BB3 /* CardGameViewController.m */ = {isa = PBXFileReference; lastKnownFileType = sourcecode.c.objc; path = CardGameViewController.m; sourceTree = "<group>"; };
		966B19FF176E43C0009D0AD5 /* Card.h */ = {isa = PBXFileReference; fileEncoding = 4; lastKnownFileType = sourcecode.c.h; path = Card.h; sourceTree = "<group>"; };
		966B1A00176E43C0009D0AD5 /* Card.m */ = {isa = PBXFileReference; fileEncoding = 4; lastKnownFileType = sourcecode.c.objc; path = Card.m; sourceTree = "<group>"; };
		966B1A02176E43D7009D0AD5 /* Deck.h */ = {isa = PBXFileReference; fileEncoding = 4; lastKnownFileType = sourcecode.c.h; path = Deck.h; sourceTree = "<group>"; };
		966B1A03176E43D7009D0AD5 /* Deck.m */ = {isa = PBXFileReference; fileEncoding = 4; lastKnownFileType = sourcecode.c.objc; path = Deck.m; sourceTree = "<group>"; };
		966B1A05176E43ED009D0AD5 /* PlayingCard.h */ = {isa = PBXFileReference; fileEncoding = 4; lastKnownFileType = sourcecode.c.h; path = PlayingCard.h; sourceTree = "<group>"; };
		966B1A06176E43ED009D0AD5 /* PlayingCard.m */ = {isa = PBXFileReference; fileEncoding = 4; lastKnownFileType = sourcecode.c.objc; path = PlayingCard.m; sourceTree = "<group>"; };
		966B1A08176E4408009D0AD5 /* PlayingCardDeck.h */ = {isa = PBXFileReference; fileEncoding = 4; lastKnownFileType = sourcecode.c.h; path = PlayingCardDeck.h; sourceTree = "<group>"; };
		966B1A09176E4408009D0AD5 /* PlayingCardDeck.m */ = {isa = PBXFileReference; fileEncoding = 4; lastKnownFileType = sourcecode.c.objc; path = PlayingCardDeck.m; sourceTree = "<group>"; };
/* End PBXFileReference section */

/* Begin PBXFrameworksBuildPhase section */
		961E766E176D713100063BB3 /* Frameworks */ = {
			isa = PBXFrameworksBuildPhase;
			buildActionMask = 2147483647;
			files = (
				961E7675176D713100063BB3 /* UIKit.framework in Frameworks */,
				961E7677176D713100063BB3 /* Foundation.framework in Frameworks */,
				961E7679176D713100063BB3 /* CoreGraphics.framework in Frameworks */,
			);
			runOnlyForDeploymentPostprocessing = 0;
		};
/* End PBXFrameworksBuildPhase section */

/* Begin PBXGroup section */
		961E7668176D713100063BB3 = {
			isa = PBXGroup;
			children = (
				961E767A176D713100063BB3 /* Matchismo */,
				961E7673176D713100063BB3 /* Frameworks */,
				961E7672176D713100063BB3 /* Products */,
			);
			sourceTree = "<group>";
		};
		961E7672176D713100063BB3 /* Products */ = {
			isa = PBXGroup;
			children = (
				961E7671176D713100063BB3 /* Matchismo.app */,
			);
			name = Products;
			sourceTree = "<group>";
		};
		961E7673176D713100063BB3 /* Frameworks */ = {
			isa = PBXGroup;
			children = (
				961E7674176D713100063BB3 /* UIKit.framework */,
				961E7676176D713100063BB3 /* Foundation.framework */,
				961E7678176D713100063BB3 /* CoreGraphics.framework */,
			);
			name = Frameworks;
			sourceTree = "<group>";
		};
		961E767A176D713100063BB3 /* Matchismo */ = {
			isa = PBXGroup;
			children = (
				966B1A0C176E4533009D0AD5 /* Model */,
				961E768C176D713100063BB3 /* MainStoryboard.storyboard */,
				961E768F176D713100063BB3 /* CardGameViewController.h */,
				961E7690176D713100063BB3 /* CardGameViewController.m */,
				961E767B176D713100063BB3 /* Supporting Files */,
			);
			path = Matchismo;
			sourceTree = "<group>";
		};
		961E767B176D713100063BB3 /* Supporting Files */ = {
			isa = PBXGroup;
			children = (
				961E767C176D713100063BB3 /* Matchismo-Info.plist */,
				961E767D176D713100063BB3 /* InfoPlist.strings */,
				961E7683176D713100063BB3 /* CardGameAppDelegate.h */,
				961E7684176D713100063BB3 /* CardGameAppDelegate.m */,
				961E7680176D713100063BB3 /* main.m */,
				961E7682176D713100063BB3 /* Matchismo-Prefix.pch */,
				961E7686176D713100063BB3 /* Default.png */,
				961E7688176D713100063BB3 /* Default@2x.png */,
				961E768A176D713100063BB3 /* Default-568h@2x.png */,
			);
			name = "Supporting Files";
			sourceTree = "<group>";
		};
		966B1A0C176E4533009D0AD5 /* Model */ = {
			isa = PBXGroup;
			children = (
				966B19FF176E43C0009D0AD5 /* Card.h */,
				966B1A00176E43C0009D0AD5 /* Card.m */,
				966B1A02176E43D7009D0AD5 /* Deck.h */,
				966B1A03176E43D7009D0AD5 /* Deck.m */,
				966B1A05176E43ED009D0AD5 /* PlayingCard.h */,
				966B1A06176E43ED009D0AD5 /* PlayingCard.m */,
				966B1A08176E4408009D0AD5 /* PlayingCardDeck.h */,
				966B1A09176E4408009D0AD5 /* PlayingCardDeck.m */,
			);
			name = Model;
			sourceTree = "<group>";
		};
/* End PBXGroup section */

/* Begin PBXNativeTarget section */
		961E7670176D713100063BB3 /* Matchismo */ = {
			isa = PBXNativeTarget;
			buildConfigurationList = 961E7694176D713100063BB3 /* Build configuration list for PBXNativeTarget "Matchismo" */;
			buildPhases = (
				961E766D176D713100063BB3 /* Sources */,
				961E766E176D713100063BB3 /* Frameworks */,
				961E766F176D713100063BB3 /* Resources */,
			);
			buildRules = (
			);
			dependencies = (
			);
			name = Matchismo;
			productName = Matchismo;
			productReference = 961E7671176D713100063BB3 /* Matchismo.app */;
			productType = "com.apple.product-type.application";
		};
/* End PBXNativeTarget section */

/* Begin PBXProject section */
		961E7669176D713100063BB3 /* Project object */ = {
			isa = PBXProject;
			attributes = {
				CLASSPREFIX = CardGame;
				LastUpgradeCheck = 0460;
				ORGANIZATIONNAME = "Longwei Su";
			};
			buildConfigurationList = 961E766C176D713100063BB3 /* Build configuration list for PBXProject "Matchismo" */;
			compatibilityVersion = "Xcode 3.2";
			developmentRegion = English;
			hasScannedForEncodings = 0;
			knownRegions = (
				en,
			);
			mainGroup = 961E7668176D713100063BB3;
			productRefGroup = 961E7672176D713100063BB3 /* Products */;
			projectDirPath = "";
			projectRoot = "";
			targets = (
				961E7670176D713100063BB3 /* Matchismo */,
			);
		};
/* End PBXProject section */

/* Begin PBXResourcesBuildPhase section */
		961E766F176D713100063BB3 /* Resources */ = {
			isa = PBXResourcesBuildPhase;
			buildActionMask = 2147483647;
			files = (
				961E767F176D713100063BB3 /* InfoPlist.strings in Resources */,
				961E7687176D713100063BB3 /* Default.png in Resources */,
				961E7689176D713100063BB3 /* Default@2x.png in Resources */,
				961E768B176D713100063BB3 /* Default-568h@2x.png in Resources */,
				961E768E176D713100063BB3 /* MainStoryboard.storyboard in Resources */,
			);
			runOnlyForDeploymentPostprocessing = 0;
		};
/* End PBXResourcesBuildPhase section */

/* Begin PBXSourcesBuildPhase section */
		961E766D176D713100063BB3 /* Sources */ = {
			isa = PBXSourcesBuildPhase;
			buildActionMask = 2147483647;
			files = (
				961E7681176D713100063BB3 /* main.m in Sources */,
				961E7685176D713100063BB3 /* CardGameAppDelegate.m in Sources */,
				961E7691176D713100063BB3 /* CardGameViewController.m in Sources */,
				966B1A01176E43C0009D0AD5 /* Card.m in Sources */,
				966B1A04176E43D7009D0AD5 /* Deck.m in Sources */,
				966B1A07176E43ED009D0AD5 /* PlayingCard.m in Sources */,
				966B1A0A176E4408009D0AD5 /* PlayingCardDeck.m in Sources */,
			);
			runOnlyForDeploymentPostprocessing = 0;
		};
/* End PBXSourcesBuildPhase section */

/* Begin PBXVariantGroup section */
		961E767D176D713100063BB3 /* InfoPlist.strings */ = {
			isa = PBXVariantGroup;
			children = (
				961E767E176D713100063BB3 /* en */,
			);
			name = InfoPlist.strings;
			sourceTree = "<group>";
		};
		961E768C176D713100063BB3 /* MainStoryboard.storyboard */ = {
			isa = PBXVariantGroup;
			children = (
				961E768D176D713100063BB3 /* en */,
			);
			name = MainStoryboard.storyboard;
			sourceTree = "<group>";
		};
/* End PBXVariantGroup section */

/* Begin XCBuildConfiguration section */
		961E7692176D713100063BB3 /* Debug */ = {
			isa = XCBuildConfiguration;
			buildSettings = {
				ALWAYS_SEARCH_USER_PATHS = NO;
				CLANG_CXX_LANGUAGE_STANDARD = "gnu++0x";
				CLANG_CXX_LIBRARY = "libc++";
				CLANG_ENABLE_OBJC_ARC = YES;
				CLANG_WARN_CONSTANT_CONVERSION = YES;
				CLANG_WARN_EMPTY_BODY = YES;
				CLANG_WARN_ENUM_CONVERSION = YES;
				CLANG_WARN_INT_CONVERSION = YES;
				CLANG_WARN__DUPLICATE_METHOD_MATCH = YES;
				"CODE_SIGN_IDENTITY[sdk=iphoneos*]" = "iPhone Developer";
				COPY_PHASE_STRIP = NO;
				GCC_C_LANGUAGE_STANDARD = gnu99;
				GCC_DYNAMIC_NO_PIC = NO;
				GCC_OPTIMIZATION_LEVEL = 0;
				GCC_PREPROCESSOR_DEFINITIONS = (
					"DEBUG=1",
					"$(inherited)",
				);
				GCC_SYMBOLS_PRIVATE_EXTERN = NO;
				GCC_WARN_ABOUT_RETURN_TYPE = YES;
				GCC_WARN_UNINITIALIZED_AUTOS = YES;
				GCC_WARN_UNUSED_VARIABLE = YES;
				IPHONEOS_DEPLOYMENT_TARGET = 6.1;
				ONLY_ACTIVE_ARCH = YES;
				SDKROOT = iphoneos;
			};
			name = Debug;
		};
		961E7693176D713100063BB3 /* Release */ = {
			isa = XCBuildConfiguration;
			buildSettings = {
				ALWAYS_SEARCH_USER_PATHS = NO;
				CLANG_CXX_LANGUAGE_STANDARD = "gnu++0x";
				CLANG_CXX_LIBRARY = "libc++";
				CLANG_ENABLE_OBJC_ARC = YES;
				CLANG_WARN_CONSTANT_CONVERSION = YES;
				CLANG_WARN_EMPTY_BODY = YES;
				CLANG_WARN_ENUM_CONVERSION = YES;
				CLANG_WARN_INT_CONVERSION = YES;
				CLANG_WARN__DUPLICATE_METHOD_MATCH = YES;
				"CODE_SIGN_IDENTITY[sdk=iphoneos*]" = "iPhone Developer";
				COPY_PHASE_STRIP = YES;
				GCC_C_LANGUAGE_STANDARD = gnu99;
				GCC_WARN_ABOUT_RETURN_TYPE = YES;
				GCC_WARN_UNINITIALIZED_AUTOS = YES;
				GCC_WARN_UNUSED_VARIABLE = YES;
				IPHONEOS_DEPLOYMENT_TARGET = 6.1;
				OTHER_CFLAGS = "-DNS_BLOCK_ASSERTIONS=1";
				SDKROOT = iphoneos;
				VALIDATE_PRODUCT = YES;
			};
			name = Release;
		};
		961E7695176D713100063BB3 /* Debug */ = {
			isa = XCBuildConfiguration;
			buildSettings = {
				GCC_PRECOMPILE_PREFIX_HEADER = YES;
				GCC_PREFIX_HEADER = "Matchismo/Matchismo-Prefix.pch";
				INFOPLIST_FILE = "Matchismo/Matchismo-Info.plist";
				PRODUCT_NAME = "$(TARGET_NAME)";
				WRAPPER_EXTENSION = app;
			};
			name = Debug;
		};
		961E7696176D713100063BB3 /* Release */ = {
			isa = XCBuildConfiguration;
			buildSettings = {
				GCC_PRECOMPILE_PREFIX_HEADER = YES;
				GCC_PREFIX_HEADER = "Matchismo/Matchismo-Prefix.pch";
				INFOPLIST_FILE = "Matchismo/Matchismo-Info.plist";
				PRODUCT_NAME = "$(TARGET_NAME)";
				WRAPPER_EXTENSION = app;
			};
			name = Release;
		};
/* End XCBuildConfiguration section */

/* Begin XCConfigurationList section */
		961E766C176D713100063BB3 /* Build configuration list for PBXProject "Matchismo" */ = {
			isa = XCConfigurationList;
			buildConfigurations = (
				961E7692176D713100063BB3 /* Debug */,
				961E7693176D713100063BB3 /* Release */,
			);
			defaultConfigurationIsVisible = 0;
			defaultConfigurationName = Release;
		};
		961E7694176D713100063BB3 /* Build configuration list for PBXNativeTarget "Matchismo" */ = {
			isa = XCConfigurationList;
			buildConfigurations = (
				961E7695176D713100063BB3 /* Debug */,
				961E7696176D713100063BB3 /* Release */,
			);
			defaultConfigurationIsVisible = 0;
			defaultConfigurationName = Release;
		};
/* End XCConfigurationList section */
	};
	rootObject = 961E7669176D713100063BB3 /* Project object */;
}
